
Microsoft Visual Studio Solution File, Format Version 12.00
Project("{FAE04EC0-301F-11D3-BF4B-00C04F79EFBC}") = "IntegrationTest", "IntegrationTest\IntegrationTest.csproj", "{A241DD60-B027-43F3-A272-877DAF631565}"
EndProject
Project("{FAE04EC0-301F-11D3-BF4B-00C04F79EFBC}") = "SampleWeb", "SampleWeb\SampleWeb.csproj", "{F9207B22-B3B0-491C-8D33-253D531BAFA0}"
EndProject
Global
	GlobalSection(SolutionConfigurationPlatforms) = preSolution
		Debug|Any CPU = Debug|Any CPU
		Release|Any CPU = Release|Any CPU
	EndGlobalSection
	GlobalSection(ProjectConfigurationPlatforms) = postSolution
		{A241DD60-B027-43F3-A272-877DAF631565}.Debug|Any CPU.ActiveCfg = Debug|Any CPU
		{A241DD60-B027-43F3-A272-877DAF631565}.Debug|Any CPU.Build.0 = Debug|Any CPU
		{A241DD60-B027-43F3-A272-877DAF631565}.Release|Any CPU.ActiveCfg = Release|Any CPU
		{A241DD60-B027-43F3-A272-877DAF631565}.Release|Any CPU.Build.0 = Release|Any CPU
		{F9207B22-B3B0-491C-8D33-253D531BAFA0}.Debug|Any CPU.ActiveCfg = Debug|Any CPU
		{F9207B22-B3B0-491C-8D33-253D531BAFA0}.Debug|Any CPU.Build.0 = Debug|Any CPU
		{F9207B22-B3B0-491C-8D33-253D531BAFA0}.Release|Any CPU.ActiveCfg = Release|Any CPU
		{F9207B22-B3B0-491C-8D33-253D531BAFA0}.Release|Any CPU.Build.0 = Release|Any CPU
	EndGlobalSection
EndGlobal
